// !$*UTF8*$!
{
	archiveVersion = 1;
	classes = {
	};
	objectVersion = 56;
	objects = {

/* Begin PBXBuildFile section */
		FF338C2C2B8F4F3E0007344B /* MemoryGameModel.swift in Sources */ = {isa = PBXBuildFile; fileRef = FF338C2B2B8F4F3E0007344B /* MemoryGameModel.swift */; };
		FF338C2E2B8F53B50007344B /* EmojiMemoryGameVM.swift in Sources */ = {isa = PBXBuildFile; fileRef = FF338C2D2B8F53B50007344B /* EmojiMemoryGameVM.swift */; };
		FF65B75D2B89D6D300C0C476 /* MemorizeApp.swift in Sources */ = {isa = PBXBuildFile; fileRef = FF65B75C2B89D6D300C0C476 /* MemorizeApp.swift */; };
		FF65B75F2B89D6D300C0C476 /* EmojiMemoryGameView.swift in Sources */ = {isa = PBXBuildFile; fileRef = FF65B75E2B89D6D300C0C476 /* EmojiMemoryGameView.swift */; };
		FF65B7612B89D6D400C0C476 /* Assets.xcassets in Resources */ = {isa = PBXBuildFile; fileRef = FF65B7602B89D6D400C0C476 /* Assets.xcassets */; };
		FF65B7642B89D6D400C0C476 /* Preview Assets.xcassets in Resources */ = {isa = PBXBuildFile; fileRef = FF65B7632B89D6D400C0C476 /* Preview Assets.xcassets */; };
		FF65B76E2B89D6D500C0C476 /* MemorizeTests.swift in Sources */ = {isa = PBXBuildFile; fileRef = FF65B76D2B89D6D500C0C476 /* MemorizeTests.swift */; };
		FF65B7782B89D6D500C0C476 /* MemorizeUITests.swift in Sources */ = {isa = PBXBuildFile; fileRef = FF65B7772B89D6D500C0C476 /* MemorizeUITests.swift */; };
		FF65B77A2B89D6D500C0C476 /* MemorizeUITestsLaunchTests.swift in Sources */ = {isa = PBXBuildFile; fileRef = FF65B7792B89D6D500C0C476 /* MemorizeUITestsLaunchTests.swift */; };
		FF97FF532B9245BC005FF2ED /* AspectVGrid.swift in Sources */ = {isa = PBXBuildFile; fileRef = FF97FF522B9245BC005FF2ED /* AspectVGrid.swift */; };
		FF97FF552B925A59005FF2ED /* CardView.swift in Sources */ = {isa = PBXBuildFile; fileRef = FF97FF542B925A59005FF2ED /* CardView.swift */; };
		FF97FF572B9264BC005FF2ED /* Pie.swift in Sources */ = {isa = PBXBuildFile; fileRef = FF97FF562B9264BC005FF2ED /* Pie.swift */; };
		FF97FF592B92DF52005FF2ED /* Cardify.swift in Sources */ = {isa = PBXBuildFile; fileRef = FF97FF582B92DF52005FF2ED /* Cardify.swift */; };
		FF97FF5B2B92ECE5005FF2ED /* FlyingNumber.swift in Sources */ = {isa = PBXBuildFile; fileRef = FF97FF5A2B92ECE5005FF2ED /* FlyingNumber.swift */; };
/* End PBXBuildFile section */

/* Begin PBXContainerItemProxy section */
		FF65B76A2B89D6D500C0C476 /* PBXContainerItemProxy */ = {
			isa = PBXContainerItemProxy;
			containerPortal = FF65B7512B89D6D300C0C476 /* Project object */;
			proxyType = 1;
			remoteGlobalIDString = FF65B7582B89D6D300C0C476;
			remoteInfo = Memorize;
		};
		FF65B7742B89D6D500C0C476 /* PBXContainerItemProxy */ = {
			isa = PBXContainerItemProxy;
			containerPortal = FF65B7512B89D6D300C0C476 /* Project object */;
			proxyType = 1;
			remoteGlobalIDString = FF65B7582B89D6D300C0C476;
			remoteInfo = Memorize;
		};
/* End PBXContainerItemProxy section */

/* Begin PBXFileReference section */
		FF338C2B2B8F4F3E0007344B /* MemoryGameModel.swift */ = {isa = PBXFileReference; lastKnownFileType = sourcecode.swift; path = MemoryGameModel.swift; sourceTree = "<group>"; };
		FF338C2D2B8F53B50007344B /* EmojiMemoryGameVM.swift */ = {isa = PBXFileReference; lastKnownFileType = sourcecode.swift; path = EmojiMemoryGameVM.swift; sourceTree = "<group>"; };
		FF65B7592B89D6D300C0C476 /* Memorize.app */ = {isa = PBXFileReference; explicitFileType = wrapper.application; includeInIndex = 0; path = Memorize.app; sourceTree = BUILT_PRODUCTS_DIR; };
		FF65B75C2B89D6D300C0C476 /* MemorizeApp.swift */ = {isa = PBXFileReference; lastKnownFileType = sourcecode.swift; path = MemorizeApp.swift; sourceTree = "<group>"; };
		FF65B75E2B89D6D300C0C476 /* EmojiMemoryGameView.swift */ = {isa = PBXFileReference; lastKnownFileType = sourcecode.swift; path = EmojiMemoryGameView.swift; sourceTree = "<group>"; };
		FF65B7602B89D6D400C0C476 /* Assets.xcassets */ = {isa = PBXFileReference; lastKnownFileType = folder.assetcatalog; path = Assets.xcassets; sourceTree = "<group>"; };
		FF65B7632B89D6D400C0C476 /* Preview Assets.xcassets */ = {isa = PBXFileReference; lastKnownFileType = folder.assetcatalog; path = "Preview Assets.xcassets"; sourceTree = "<group>"; };
		FF65B7692B89D6D500C0C476 /* MemorizeTests.xctest */ = {isa = PBXFileReference; explicitFileType = wrapper.cfbundle; includeInIndex = 0; path = MemorizeTests.xctest; sourceTree = BUILT_PRODUCTS_DIR; };
		FF65B76D2B89D6D500C0C476 /* MemorizeTests.swift */ = {isa = PBXFileReference; lastKnownFileType = sourcecode.swift; path = MemorizeTests.swift; sourceTree = "<group>"; };
		FF65B7732B89D6D500C0C476 /* MemorizeUITests.xctest */ = {isa = PBXFileReference; explicitFileType = wrapper.cfbundle; includeInIndex = 0; path = MemorizeUITests.xctest; sourceTree = BUILT_PRODUCTS_DIR; };
		FF65B7772B89D6D500C0C476 /* MemorizeUITests.swift */ = {isa = PBXFileReference; lastKnownFileType = sourcecode.swift; path = MemorizeUITests.swift; sourceTree = "<group>"; };
		FF65B7792B89D6D500C0C476 /* MemorizeUITestsLaunchTests.swift */ = {isa = PBXFileReference; lastKnownFileType = sourcecode.swift; path = MemorizeUITestsLaunchTests.swift; sourceTree = "<group>"; };
		FF97FF522B9245BC005FF2ED /* AspectVGrid.swift */ = {isa = PBXFileReference; lastKnownFileType = sourcecode.swift; path = AspectVGrid.swift; sourceTree = "<group>"; };
		FF97FF542B925A59005FF2ED /* CardView.swift */ = {isa = PBXFileReference; lastKnownFileType = sourcecode.swift; path = CardView.swift; sourceTree = "<group>"; };
		FF97FF562B9264BC005FF2ED /* Pie.swift */ = {isa = PBXFileReference; lastKnownFileType = sourcecode.swift; path = Pie.swift; sourceTree = "<group>"; };
		FF97FF582B92DF52005FF2ED /* Cardify.swift */ = {isa = PBXFileReference; lastKnownFileType = sourcecode.swift; path = Cardify.swift; sourceTree = "<group>"; };
		FF97FF5A2B92ECE5005FF2ED /* FlyingNumber.swift */ = {isa = PBXFileReference; lastKnownFileType = sourcecode.swift; path = FlyingNumber.swift; sourceTree = "<group>"; };
/* End PBXFileReference section */

/* Begin PBXFrameworksBuildPhase section */
		FF65B7562B89D6D300C0C476 /* Frameworks */ = {
			isa = PBXFrameworksBuildPhase;
			buildActionMask = 2147483647;
			files = (
			);
			runOnlyForDeploymentPostprocessing = 0;
		};
		FF65B7662B89D6D500C0C476 /* Frameworks */ = {
			isa = PBXFrameworksBuildPhase;
			buildActionMask = 2147483647;
			files = (
			);
			runOnlyForDeploymentPostprocessing = 0;
		};
		FF65B7702B89D6D500C0C476 /* Frameworks */ = {
			isa = PBXFrameworksBuildPhase;
			buildActionMask = 2147483647;
			files = (
			);
			runOnlyForDeploymentPostprocessing = 0;
		};
/* End PBXFrameworksBuildPhase section */

/* Begin PBXGroup section */
		FF65B7502B89D6D300C0C476 = {
			isa = PBXGroup;
			children = (
				FF65B75B2B89D6D300C0C476 /* Memorize */,
				FF65B76C2B89D6D500C0C476 /* MemorizeTests */,
				FF65B7762B89D6D500C0C476 /* MemorizeUITests */,
				FF65B75A2B89D6D300C0C476 /* Products */,
			);
			sourceTree = "<group>";
		};
		FF65B75A2B89D6D300C0C476 /* Products */ = {
			isa = PBXGroup;
			children = (
				FF65B7592B89D6D300C0C476 /* Memorize.app */,
				FF65B7692B89D6D500C0C476 /* MemorizeTests.xctest */,
				FF65B7732B89D6D500C0C476 /* MemorizeUITests.xctest */,
			);
			name = Products;
			sourceTree = "<group>";
		};
		FF65B75B2B89D6D300C0C476 /* Memorize */ = {
			isa = PBXGroup;
			children = (
				FF65B75C2B89D6D300C0C476 /* MemorizeApp.swift */,
				FF65B75E2B89D6D300C0C476 /* EmojiMemoryGameView.swift */,
				FF338C2D2B8F53B50007344B /* EmojiMemoryGameVM.swift */,
				FF338C2B2B8F4F3E0007344B /* MemoryGameModel.swift */,
				FF97FF542B925A59005FF2ED /* CardView.swift */,
				FF97FF582B92DF52005FF2ED /* Cardify.swift */,
				FF97FF522B9245BC005FF2ED /* AspectVGrid.swift */,
				FF97FF562B9264BC005FF2ED /* Pie.swift */,
				FF97FF5A2B92ECE5005FF2ED /* FlyingNumber.swift */,
				FF65B7602B89D6D400C0C476 /* Assets.xcassets */,
				FF65B7622B89D6D400C0C476 /* Preview Content */,
			);
			path = Memorize;
			sourceTree = "<group>";
		};
		FF65B7622B89D6D400C0C476 /* Preview Content */ = {
			isa = PBXGroup;
			children = (
				FF65B7632B89D6D400C0C476 /* Preview Assets.xcassets */,
			);
			path = "Preview Content";
			sourceTree = "<group>";
		};
		FF65B76C2B89D6D500C0C476 /* MemorizeTests */ = {
			isa = PBXGroup;
			children = (
				FF65B76D2B89D6D500C0C476 /* MemorizeTests.swift */,
			);
			path = MemorizeTests;
			sourceTree = "<group>";
		};
		FF65B7762B89D6D500C0C476 /* MemorizeUITests */ = {
			isa = PBXGroup;
			children = (
				FF65B7772B89D6D500C0C476 /* MemorizeUITests.swift */,
				FF65B7792B89D6D500C0C476 /* MemorizeUITestsLaunchTests.swift */,
			);
			path = MemorizeUITests;
			sourceTree = "<group>";
		};
/* End PBXGroup section */

/* Begin PBXNativeTarget section */
		FF65B7582B89D6D300C0C476 /* Memorize */ = {
			isa = PBXNativeTarget;
			buildConfigurationList = FF65B77D2B89D6D500C0C476 /* Build configuration list for PBXNativeTarget "Memorize" */;
			buildPhases = (
				FF65B7552B89D6D300C0C476 /* Sources */,
				FF65B7562B89D6D300C0C476 /* Frameworks */,
				FF65B7572B89D6D300C0C476 /* Resources */,
			);
			buildRules = (
			);
			dependencies = (
			);
			name = Memorize;
			productName = Memorize;
			productReference = FF65B7592B89D6D300C0C476 /* Memorize.app */;
			productType = "com.apple.product-type.application";
		};
		FF65B7682B89D6D500C0C476 /* MemorizeTests */ = {
			isa = PBXNativeTarget;
			buildConfigurationList = FF65B7802B89D6D500C0C476 /* Build configuration list for PBXNativeTarget "MemorizeTests" */;
			buildPhases = (
				FF65B7652B89D6D500C0C476 /* Sources */,
				FF65B7662B89D6D500C0C476 /* Frameworks */,
				FF65B7672B89D6D500C0C476 /* Resources */,
			);
			buildRules = (
			);
			dependencies = (
				FF65B76B2B89D6D500C0C476 /* PBXTargetDependency */,
			);
			name = MemorizeTests;
			productName = MemorizeTests;
			productReference = FF65B7692B89D6D500C0C476 /* MemorizeTests.xctest */;
			productType = "com.apple.product-type.bundle.unit-test";
		};
		FF65B7722B89D6D500C0C476 /* MemorizeUITests */ = {
			isa = PBXNativeTarget;
			buildConfigurationList = FF65B7832B89D6D500C0C476 /* Build configuration list for PBXNativeTarget "MemorizeUITests" */;
			buildPhases = (
				FF65B76F2B89D6D500C0C476 /* Sources */,
				FF65B7702B89D6D500C0C476 /* Frameworks */,
				FF65B7712B89D6D500C0C476 /* Resources */,
			);
			buildRules = (
			);
			dependencies = (
				FF65B7752B89D6D500C0C476 /* PBXTargetDependency */,
			);
			name = MemorizeUITests;
			productName = MemorizeUITests;
			productReference = FF65B7732B89D6D500C0C476 /* MemorizeUITests.xctest */;
			productType = "com.apple.product-type.bundle.ui-testing";
		};
/* End PBXNativeTarget section */

/* Begin PBXProject section */
		FF65B7512B89D6D300C0C476 /* Project object */ = {
			isa = PBXProject;
			attributes = {
				BuildIndependentTargetsInParallel = 1;
				LastSwiftUpdateCheck = 1520;
				LastUpgradeCheck = 1520;
				TargetAttributes = {
					FF65B7582B89D6D300C0C476 = {
						CreatedOnToolsVersion = 15.2;
					};
					FF65B7682B89D6D500C0C476 = {
						CreatedOnToolsVersion = 15.2;
						TestTargetID = FF65B7582B89D6D300C0C476;
					};
					FF65B7722B89D6D500C0C476 = {
						CreatedOnToolsVersion = 15.2;
						TestTargetID = FF65B7582B89D6D300C0C476;
					};
				};
			};
			buildConfigurationList = FF65B7542B89D6D300C0C476 /* Build configuration list for PBXProject "Memorize" */;
			compatibilityVersion = "Xcode 14.0";
			developmentRegion = en;
			hasScannedForEncodings = 0;
			knownRegions = (
				en,
				Base,
			);
			mainGroup = FF65B7502B89D6D300C0C476;
			productRefGroup = FF65B75A2B89D6D300C0C476 /* Products */;
			projectDirPath = "";
			projectRoot = "";
			targets = (
				FF65B7582B89D6D300C0C476 /* Memorize */,
				FF65B7682B89D6D500C0C476 /* MemorizeTests */,
				FF65B7722B89D6D500C0C476 /* MemorizeUITests */,
			);
		};
/* End PBXProject section */

/* Begin PBXResourcesBuildPhase section */
		FF65B7572B89D6D300C0C476 /* Resources */ = {
			isa = PBXResourcesBuildPhase;
			buildActionMask = 2147483647;
			files = (
				FF65B7642B89D6D400C0C476 /* Preview Assets.xcassets in Resources */,
				FF65B7612B89D6D400C0C476 /* Assets.xcassets in Resources */,
			);
			runOnlyForDeploymentPostprocessing = 0;
		};
		FF65B7672B89D6D500C0C476 /* Resources */ = {
			isa = PBXResourcesBuildPhase;
			buildActionMask = 2147483647;
			files = (
			);
			runOnlyForDeploymentPostprocessing = 0;
		};
		FF65B7712B89D6D500C0C476 /* Resources */ = {
			isa = PBXResourcesBuildPhase;
			buildActionMask = 2147483647;
			files = (
			);
			runOnlyForDeploymentPostprocessing = 0;
		};
/* End PBXResourcesBuildPhase section */

/* Begin PBXSourcesBuildPhase section */
		FF65B7552B89D6D300C0C476 /* Sources */ = {
			isa = PBXSourcesBuildPhase;
			buildActionMask = 2147483647;
			files = (
				FF338C2E2B8F53B50007344B /* EmojiMemoryGameVM.swift in Sources */,
				FF65B75F2B89D6D300C0C476 /* EmojiMemoryGameView.swift in Sources */,
				FF97FF5B2B92ECE5005FF2ED /* FlyingNumber.swift in Sources */,
				FF97FF592B92DF52005FF2ED /* Cardify.swift in Sources */,
				FF65B75D2B89D6D300C0C476 /* MemorizeApp.swift in Sources */,
				FF97FF532B9245BC005FF2ED /* AspectVGrid.swift in Sources */,
				FF97FF572B9264BC005FF2ED /* Pie.swift in Sources */,
				FF97FF552B925A59005FF2ED /* CardView.swift in Sources */,
				FF338C2C2B8F4F3E0007344B /* MemoryGameModel.swift in Sources */,
			);
			runOnlyForDeploymentPostprocessing = 0;
		};
		FF65B7652B89D6D500C0C476 /* Sources */ = {
			isa = PBXSourcesBuildPhase;
			buildActionMask = 2147483647;
			files = (
				FF65B76E2B89D6D500C0C476 /* MemorizeTests.swift in Sources */,
			);
			runOnlyForDeploymentPostprocessing = 0;
		};
		FF65B76F2B89D6D500C0C476 /* Sources */ = {
			isa = PBXSourcesBuildPhase;
			buildActionMask = 2147483647;
			files = (
				FF65B77A2B89D6D500C0C476 /* MemorizeUITestsLaunchTests.swift in Sources */,
				FF65B7782B89D6D500C0C476 /* MemorizeUITests.swift in Sources */,
			);
			runOnlyForDeploymentPostprocessing = 0;
		};
/* End PBXSourcesBuildPhase section */

/* Begin PBXTargetDependency section */
		FF65B76B2B89D6D500C0C476 /* PBXTargetDependency */ = {
			isa = PBXTargetDependency;
			target = FF65B7582B89D6D300C0C476 /* Memorize */;
			targetProxy = FF65B76A2B89D6D500C0C476 /* PBXContainerItemProxy */;
		};
		FF65B7752B89D6D500C0C476 /* PBXTargetDependency */ = {
			isa = PBXTargetDependency;
			target = FF65B7582B89D6D300C0C476 /* Memorize */;
			targetProxy = FF65B7742B89D6D500C0C476 /* PBXContainerItemProxy */;
		};
/* End PBXTargetDependency section */

/* Begin XCBuildConfiguration section */
		FF65B77B2B89D6D500C0C476 /* Debug */ = {
			isa = XCBuildConfiguration;
			buildSettings = {
				ALWAYS_SEARCH_USER_PATHS = NO;
				ASSETCATALOG_COMPILER_GENERATE_SWIFT_ASSET_SYMBOL_EXTENSIONS = YES;
				CLANG_ANALYZER_NONNULL = YES;
				CLANG_ANALYZER_NUMBER_OBJECT_CONVERSION = YES_AGGRESSIVE;
				CLANG_CXX_LANGUAGE_STANDARD = "gnu++20";
				CLANG_ENABLE_MODULES = YES;
				CLANG_ENABLE_OBJC_ARC = YES;
				CLANG_ENABLE_OBJC_WEAK = YES;
				CLANG_WARN_BLOCK_CAPTURE_AUTORELEASING = YES;
				CLANG_WARN_BOOL_CONVERSION = YES;
				CLANG_WARN_COMMA = YES;
				CLANG_WARN_CONSTANT_CONVERSION = YES;
				CLANG_WARN_DEPRECATED_OBJC_IMPLEMENTATIONS = YES;
				CLANG_WARN_DIRECT_OBJC_ISA_USAGE = YES_ERROR;
				CLANG_WARN_DOCUMENTATION_COMMENTS = YES;
				CLANG_WARN_EMPTY_BODY = YES;
				CLANG_WARN_ENUM_CONVERSION = YES;
				CLANG_WARN_INFINITE_RECURSION = YES;
				CLANG_WARN_INT_CONVERSION = YES;
				CLANG_WARN_NON_LITERAL_NULL_CONVERSION = YES;
				CLANG_WARN_OBJC_IMPLICIT_RETAIN_SELF = YES;
				CLANG_WARN_OBJC_LITERAL_CONVERSION = YES;
				CLANG_WARN_OBJC_ROOT_CLASS = YES_ERROR;
				CLANG_WARN_QUOTED_INCLUDE_IN_FRAMEWORK_HEADER = YES;
				CLANG_WARN_RANGE_LOOP_ANALYSIS = YES;
				CLANG_WARN_STRICT_PROTOTYPES = YES;
				CLANG_WARN_SUSPICIOUS_MOVE = YES;
				CLANG_WARN_UNGUARDED_AVAILABILITY = YES_AGGRESSIVE;
				CLANG_WARN_UNREACHABLE_CODE = YES;
				CLANG_WARN__DUPLICATE_METHOD_MATCH = YES;
				COPY_PHASE_STRIP = NO;
				DEBUG_INFORMATION_FORMAT = dwarf;
				ENABLE_STRICT_OBJC_MSGSEND = YES;
				ENABLE_TESTABILITY = YES;
				ENABLE_USER_SCRIPT_SANDBOXING = YES;
				GCC_C_LANGUAGE_STANDARD = gnu17;
				GCC_DYNAMIC_NO_PIC = NO;
				GCC_NO_COMMON_BLOCKS = YES;
				GCC_OPTIMIZATION_LEVEL = 0;
				GCC_PREPROCESSOR_DEFINITIONS = (
					"DEBUG=1",
					"$(inherited)",
				);
				GCC_WARN_64_TO_32_BIT_CONVERSION = YES;
				GCC_WARN_ABOUT_RETURN_TYPE = YES_ERROR;
				GCC_WARN_UNDECLARED_SELECTOR = YES;
				GCC_WARN_UNINITIALIZED_AUTOS = YES_AGGRESSIVE;
				GCC_WARN_UNUSED_FUNCTION = YES;
				GCC_WARN_UNUSED_VARIABLE = YES;
				IPHONEOS_DEPLOYMENT_TARGET = 17.2;
				LOCALIZATION_PREFERS_STRING_CATALOGS = YES;
				MTL_ENABLE_DEBUG_INFO = INCLUDE_SOURCE;
				MTL_FAST_MATH = YES;
				ONLY_ACTIVE_ARCH = YES;
				SDKROOT = iphoneos;
				SWIFT_ACTIVE_COMPILATION_CONDITIONS = "DEBUG $(inherited)";
				SWIFT_OPTIMIZATION_LEVEL = "-Onone";
			};
			name = Debug;
		};
		FF65B77C2B89D6D500C0C476 /* Release */ = {
			isa = XCBuildConfiguration;
			buildSettings = {
				ALWAYS_SEARCH_USER_PATHS = NO;
				ASSETCATALOG_COMPILER_GENERATE_SWIFT_ASSET_SYMBOL_EXTENSIONS = YES;
				CLANG_ANALYZER_NONNULL = YES;
				CLANG_ANALYZER_NUMBER_OBJECT_CONVERSION = YES_AGGRESSIVE;
				CLANG_CXX_LANGUAGE_STANDARD = "gnu++20";
				CLANG_ENABLE_MODULES = YES;
				CLANG_ENABLE_OBJC_ARC = YES;
				CLANG_ENABLE_OBJC_WEAK = YES;
				CLANG_WARN_BLOCK_CAPTURE_AUTORELEASING = YES;
				CLANG_WARN_BOOL_CONVERSION = YES;
				CLANG_WARN_COMMA = YES;
				CLANG_WARN_CONSTANT_CONVERSION = YES;
				CLANG_WARN_DEPRECATED_OBJC_IMPLEMENTATIONS = YES;
				CLANG_WARN_DIRECT_OBJC_ISA_USAGE = YES_ERROR;
				CLANG_WARN_DOCUMENTATION_COMMENTS = YES;
				CLANG_WARN_EMPTY_BODY = YES;
				CLANG_WARN_ENUM_CONVERSION = YES;
				CLANG_WARN_INFINITE_RECURSION = YES;
				CLANG_WARN_INT_CONVERSION = YES;
				CLANG_WARN_NON_LITERAL_NULL_CONVERSION = YES;
				CLANG_WARN_OBJC_IMPLICIT_RETAIN_SELF = YES;
				CLANG_WARN_OBJC_LITERAL_CONVERSION = YES;
				CLANG_WARN_OBJC_ROOT_CLASS = YES_ERROR;
				CLANG_WARN_QUOTED_INCLUDE_IN_FRAMEWORK_HEADER = YES;
				CLANG_WARN_RANGE_LOOP_ANALYSIS = YES;
				CLANG_WARN_STRICT_PROTOTYPES = YES;
				CLANG_WARN_SUSPICIOUS_MOVE = YES;
				CLANG_WARN_UNGUARDED_AVAILABILITY = YES_AGGRESSIVE;
				CLANG_WARN_UNREACHABLE_CODE = YES;
				CLANG_WARN__DUPLICATE_METHOD_MATCH = YES;
				COPY_PHASE_STRIP = NO;
				DEBUG_INFORMATION_FORMAT = "dwarf-with-dsym";
				ENABLE_NS_ASSERTIONS = NO;
				ENABLE_STRICT_OBJC_MSGSEND = YES;
				ENABLE_USER_SCRIPT_SANDBOXING = YES;
				GCC_C_LANGUAGE_STANDARD = gnu17;
				GCC_NO_COMMON_BLOCKS = YES;
				GCC_WARN_64_TO_32_BIT_CONVERSION = YES;
				GCC_WARN_ABOUT_RETURN_TYPE = YES_ERROR;
				GCC_WARN_UNDECLARED_SELECTOR = YES;
				GCC_WARN_UNINITIALIZED_AUTOS = YES_AGGRESSIVE;
				GCC_WARN_UNUSED_FUNCTION = YES;
				GCC_WARN_UNUSED_VARIABLE = YES;
				IPHONEOS_DEPLOYMENT_TARGET = 17.2;
				LOCALIZATION_PREFERS_STRING_CATALOGS = YES;
				MTL_ENABLE_DEBUG_INFO = NO;
				MTL_FAST_MATH = YES;
				SDKROOT = iphoneos;
				SWIFT_COMPILATION_MODE = wholemodule;
				VALIDATE_PRODUCT = YES;
			};
			name = Release;
		};
		FF65B77E2B89D6D500C0C476 /* Debug */ = {
			isa = XCBuildConfiguration;
			buildSettings = {
				ASSETCATALOG_COMPILER_APPICON_NAME = AppIcon;
				ASSETCATALOG_COMPILER_GLOBAL_ACCENT_COLOR_NAME = AccentColor;
				CODE_SIGN_STYLE = Automatic;
				CURRENT_PROJECT_VERSION = 1;
				DEVELOPMENT_ASSET_PATHS = "\"Memorize/Preview Content\"";
				DEVELOPMENT_TEAM = 4H684NMYG8;
				ENABLE_PREVIEWS = YES;
				GENERATE_INFOPLIST_FILE = YES;
				INFOPLIST_KEY_UIApplicationSceneManifest_Generation = YES;
				INFOPLIST_KEY_UIApplicationSupportsIndirectInputEvents = YES;
				INFOPLIST_KEY_UILaunchScreen_Generation = YES;
				INFOPLIST_KEY_UISupportedInterfaceOrientations_iPad = "UIInterfaceOrientationPortrait UIInterfaceOrientationPortraitUpsideDown UIInterfaceOrientationLandscapeLeft UIInterfaceOrientationLandscapeRight";
				INFOPLIST_KEY_UISupportedInterfaceOrientations_iPhone = "UIInterfaceOrientationPortrait UIInterfaceOrientationLandscapeLeft UIInterfaceOrientationLandscapeRight";
				LD_RUNPATH_SEARCH_PATHS = (
					"$(inherited)",
					"@executable_path/Frameworks",
				);
				MARKETING_VERSION = 1.0;
				PRODUCT_BUNDLE_IDENTIFIER = assemseidkarim.Memorize;
				PRODUCT_NAME = "$(TARGET_NAME)";
				SWIFT_EMIT_LOC_STRINGS = YES;
				SWIFT_VERSION = 5.0;
				TARGETED_DEVICE_FAMILY = "1,2";
			};
			name = Debug;
		};
		FF65B77F2B89D6D500C0C476 /* Release */ = {
			isa = XCBuildConfiguration;
			buildSettings = {
				ASSETCATALOG_COMPILER_APPICON_NAME = AppIcon;
				ASSETCATALOG_COMPILER_GLOBAL_ACCENT_COLOR_NAME = AccentColor;
				CODE_SIGN_STYLE = Automatic;
				CURRENT_PROJECT_VERSION = 1;
				DEVELOPMENT_ASSET_PATHS = "\"Memorize/Preview Content\"";
				DEVELOPMENT_TEAM = 4H684NMYG8;
				ENABLE_PREVIEWS = YES;
				GENERATE_INFOPLIST_FILE = YES;
				INFOPLIST_KEY_UIApplicationSceneManifest_Generation = YES;
				INFOPLIST_KEY_UIApplicationSupportsIndirectInputEvents = YES;
				INFOPLIST_KEY_UILaunchScreen_Generation = YES;
				INFOPLIST_KEY_UISupportedInterfaceOrientations_iPad = "UIInterfaceOrientationPortrait UIInterfaceOrientationPortraitUpsideDown UIInterfaceOrientationLandscapeLeft UIInterfaceOrientationLandscapeRight";
				INFOPLIST_KEY_UISupportedInterfaceOrientations_iPhone = "UIInterfaceOrientationPortrait UIInterfaceOrientationLandscapeLeft UIInterfaceOrientationLandscapeRight";
				LD_RUNPATH_SEARCH_PATHS = (
					"$(inherited)",
					"@executable_path/Frameworks",
				);
				MARKETING_VERSION = 1.0;
				PRODUCT_BUNDLE_IDENTIFIER = assemseidkarim.Memorize;
				PRODUCT_NAME = "$(TARGET_NAME)";
				SWIFT_EMIT_LOC_STRINGS = YES;
				SWIFT_VERSION = 5.0;
				TARGETED_DEVICE_FAMILY = "1,2";
			};
			name = Release;
		};
		FF65B7812B89D6D500C0C476 /* Debug */ = {
			isa = XCBuildConfiguration;
			buildSettings = {
				ALWAYS_EMBED_SWIFT_STANDARD_LIBRARIES = YES;
				BUNDLE_LOADER = "$(TEST_HOST)";
				CODE_SIGN_STYLE = Automatic;
				CURRENT_PROJECT_VERSION = 1;
				DEVELOPMENT_TEAM = 4H684NMYG8;
				GENERATE_INFOPLIST_FILE = YES;
				IPHONEOS_DEPLOYMENT_TARGET = 17.2;
				MARKETING_VERSION = 1.0;
				PRODUCT_BUNDLE_IDENTIFIER = assemseidkarim.MemorizeTests;
				PRODUCT_NAME = "$(TARGET_NAME)";
				SWIFT_EMIT_LOC_STRINGS = NO;
				SWIFT_VERSION = 5.0;
				TARGETED_DEVICE_FAMILY = "1,2";
				TEST_HOST = "$(BUILT_PRODUCTS_DIR)/Memorize.app/$(BUNDLE_EXECUTABLE_FOLDER_PATH)/Memorize";
			};
			name = Debug;
		};
		FF65B7822B89D6D500C0C476 /* Release */ = {
			isa = XCBuildConfiguration;
			buildSettings = {
				ALWAYS_EMBED_SWIFT_STANDARD_LIBRARIES = YES;
				BUNDLE_LOADER = "$(TEST_HOST)";
				CODE_SIGN_STYLE = Automatic;
				CURRENT_PROJECT_VERSION = 1;
				DEVELOPMENT_TEAM = 4H684NMYG8;
				GENERATE_INFOPLIST_FILE = YES;
				IPHONEOS_DEPLOYMENT_TARGET = 17.2;
				MARKETING_VERSION = 1.0;
				PRODUCT_BUNDLE_IDENTIFIER = assemseidkarim.MemorizeTests;
				PRODUCT_NAME = "$(TARGET_NAME)";
				SWIFT_EMIT_LOC_STRINGS = NO;
				SWIFT_VERSION = 5.0;
				TARGETED_DEVICE_FAMILY = "1,2";
				TEST_HOST = "$(BUILT_PRODUCTS_DIR)/Memorize.app/$(BUNDLE_EXECUTABLE_FOLDER_PATH)/Memorize";
			};
			name = Release;
		};
		FF65B7842B89D6D500C0C476 /* Debug */ = {
			isa = XCBuildConfiguration;
			buildSettings = {
				ALWAYS_EMBED_SWIFT_STANDARD_LIBRARIES = YES;
				CODE_SIGN_STYLE = Automatic;
				CURRENT_PROJECT_VERSION = 1;
				DEVELOPMENT_TEAM = 4H684NMYG8;
				GENERATE_INFOPLIST_FILE = YES;
				MARKETING_VERSION = 1.0;
				PRODUCT_BUNDLE_IDENTIFIER = assemseidkarim.MemorizeUITests;
				PRODUCT_NAME = "$(TARGET_NAME)";
				SWIFT_EMIT_LOC_STRINGS = NO;
				SWIFT_VERSION = 5.0;
				TARGETED_DEVICE_FAMILY = "1,2";
				TEST_TARGET_NAME = Memorize;
			};
			name = Debug;
		};
		FF65B7852B89D6D500C0C476 /* Release */ = {
			isa = XCBuildConfiguration;
			buildSettings = {
				ALWAYS_EMBED_SWIFT_STANDARD_LIBRARIES = YES;
				CODE_SIGN_STYLE = Automatic;
				CURRENT_PROJECT_VERSION = 1;
				DEVELOPMENT_TEAM = 4H684NMYG8;
				GENERATE_INFOPLIST_FILE = YES;
				MARKETING_VERSION = 1.0;
				PRODUCT_BUNDLE_IDENTIFIER = assemseidkarim.MemorizeUITests;
				PRODUCT_NAME = "$(TARGET_NAME)";
				SWIFT_EMIT_LOC_STRINGS = NO;
				SWIFT_VERSION = 5.0;
				TARGETED_DEVICE_FAMILY = "1,2";
				TEST_TARGET_NAME = Memorize;
			};
			name = Release;
		};
/* End XCBuildConfiguration section */

/* Begin XCConfigurationList section */
		FF65B7542B89D6D300C0C476 /* Build configuration list for PBXProject "Memorize" */ = {
			isa = XCConfigurationList;
			buildConfigurations = (
				FF65B77B2B89D6D500C0C476 /* Debug */,
				FF65B77C2B89D6D500C0C476 /* Release */,
			);
			defaultConfigurationIsVisible = 0;
			defaultConfigurationName = Release;
		};
		FF65B77D2B89D6D500C0C476 /* Build configuration list for PBXNativeTarget "Memorize" */ = {
			isa = XCConfigurationList;
			buildConfigurations = (
				FF65B77E2B89D6D500C0C476 /* Debug */,
				FF65B77F2B89D6D500C0C476 /* Release */,
			);
			defaultConfigurationIsVisible = 0;
			defaultConfigurationName = Release;
		};
		FF65B7802B89D6D500C0C476 /* Build configuration list for PBXNativeTarget "MemorizeTests" */ = {
			isa = XCConfigurationList;
			buildConfigurations = (
				FF65B7812B89D6D500C0C476 /* Debug */,
				FF65B7822B89D6D500C0C476 /* Release */,
			);
			defaultConfigurationIsVisible = 0;
			defaultConfigurationName = Release;
		};
		FF65B7832B89D6D500C0C476 /* Build configuration list for PBXNativeTarget "MemorizeUITests" */ = {
			isa = XCConfigurationList;
			buildConfigurations = (
				FF65B7842B89D6D500C0C476 /* Debug */,
				FF65B7852B89D6D500C0C476 /* Release */,
			);
			defaultConfigurationIsVisible = 0;
			defaultConfigurationName = Release;
		};
/* End XCConfigurationList section */
	};
	rootObject = FF65B7512B89D6D300C0C476 /* Project object */;
}
